
Microsoft Visual Studio Solution File, Format Version 12.00
# Visual Studio Version 17
VisualStudioVersion = 17.5.33627.172
MinimumVisualStudioVersion = 10.0.40219.1
Project("{54A90642-561A-4BB1-A94E-469ADEE60C69}") = "angularapp", "angularapp\angularapp.esproj", "{5131B8CA-8414-4D60-A1EC-B87C8878E91C}"
EndProject
Project("{9A19103F-16F7-4668-BE54-9A1E7A4F7556}") = "webapi", "webapi\webapi.csproj", "{CD6A02BB-6CDB-45C7-98A5-4805828EA1D6}"
EndProject
Global
	GlobalSection(SolutionConfigurationPlatforms) = preSolution
		Debug|Any CPU = Debug|Any CPU
		Release|Any CPU = Release|Any CPU
	EndGlobalSection
	GlobalSection(ProjectConfigurationPlatforms) = postSolution
		{5131B8CA-8414-4D60-A1EC-B87C8878E91C}.Debug|Any CPU.ActiveCfg = Debug|Any CPU
		{5131B8CA-8414-4D60-A1EC-B87C8878E91C}.Debug|Any CPU.Build.0 = Debug|Any CPU
		{5131B8CA-8414-4D60-A1EC-B87C8878E91C}.Debug|Any CPU.Deploy.0 = Debug|Any CPU
		{5131B8CA-8414-4D60-A1EC-B87C8878E91C}.Release|Any CPU.ActiveCfg = Release|Any CPU
		{5131B8CA-8414-4D60-A1EC-B87C8878E91C}.Release|Any CPU.Build.0 = Release|Any CPU
		{5131B8CA-8414-4D60-A1EC-B87C8878E91C}.Release|Any CPU.Deploy.0 = Release|Any CPU
		{CD6A02BB-6CDB-45C7-98A5-4805828EA1D6}.Debug|Any CPU.ActiveCfg = Debug|Any CPU
		{CD6A02BB-6CDB-45C7-98A5-4805828EA1D6}.Debug|Any CPU.Build.0 = Debug|Any CPU
		{CD6A02BB-6CDB-45C7-98A5-4805828EA1D6}.Release|Any CPU.ActiveCfg = Release|Any CPU
		{CD6A02BB-6CDB-45C7-98A5-4805828EA1D6}.Release|Any CPU.Build.0 = Release|Any CPU
	EndGlobalSection
	GlobalSection(SolutionProperties) = preSolution
		HideSolutionNode = FALSE
	EndGlobalSection
	GlobalSection(ExtensibilityGlobals) = postSolution
		SolutionGuid = {223CB4DE-2DD1-451E-920A-04533320E35B}
	EndGlobalSection
EndGlobal
